// !$*UTF8*$!
{
	archiveVersion = 1;
	classes = {
	};
	objectVersion = 46;
	objects = {

/* Begin PBXBuildFile section */
		0DD1C1431D2D387A006FA7E5 /* main.m in Sources */ = {isa = PBXBuildFile; fileRef = 0DD1C1421D2D387A006FA7E5 /* main.m */; };
		0DD1C1461D2D387A006FA7E5 /* AppDelegate.m in Sources */ = {isa = PBXBuildFile; fileRef = 0DD1C1451D2D387A006FA7E5 /* AppDelegate.m */; };
		0DD1C1491D2D387A006FA7E5 /* ViewController.m in Sources */ = {isa = PBXBuildFile; fileRef = 0DD1C1481D2D387A006FA7E5 /* ViewController.m */; };
		0DD1C14C1D2D387A006FA7E5 /* Main.storyboard in Resources */ = {isa = PBXBuildFile; fileRef = 0DD1C14A1D2D387A006FA7E5 /* Main.storyboard */; };
		0DD1C14E1D2D387A006FA7E5 /* Assets.xcassets in Resources */ = {isa = PBXBuildFile; fileRef = 0DD1C14D1D2D387A006FA7E5 /* Assets.xcassets */; };
		0DD1C1511D2D387A006FA7E5 /* LaunchScreen.storyboard in Resources */ = {isa = PBXBuildFile; fileRef = 0DD1C14F1D2D387A006FA7E5 /* LaunchScreen.storyboard */; };
		0DD1C15C1D2D387A006FA7E5 /* MSBackgroundMoveTests.m in Sources */ = {isa = PBXBuildFile; fileRef = 0DD1C15B1D2D387A006FA7E5 /* MSBackgroundMoveTests.m */; };
		0DD1C1681D2D38AC006FA7E5 /* MSMoveView.m in Sources */ = {isa = PBXBuildFile; fileRef = 0DD1C1671D2D38AC006FA7E5 /* MSMoveView.m */; };
		0DD1C1AD1D2D4746006FA7E5 /* Slice.png in Resources */ = {isa = PBXBuildFile; fileRef = 0DD1C1AC1D2D4746006FA7E5 /* Slice.png */; };
		0DD1C1AF1D2D481E006FA7E5 /* immersion_mode.png in Resources */ = {isa = PBXBuildFile; fileRef = 0DD1C1AE1D2D481E006FA7E5 /* immersion_mode.png */; };
/* End PBXBuildFile section */

/* Begin PBXContainerItemProxy section */
		0DD1C1581D2D387A006FA7E5 /* PBXContainerItemProxy */ = {
			isa = PBXContainerItemProxy;
			containerPortal = 0DD1C1361D2D387A006FA7E5 /* Project object */;
			proxyType = 1;
			remoteGlobalIDString = 0DD1C13D1D2D387A006FA7E5;
			remoteInfo = MSBackgroundMove;
		};
/* End PBXContainerItemProxy section */

/* Begin PBXFileReference section */
		0DD1C13E1D2D387A006FA7E5 /* MSBackgroundMove.app */ = {isa = PBXFileReference; explicitFileType = wrapper.application; includeInIndex = 0; path = MSBackgroundMove.app; sourceTree = BUILT_PRODUCTS_DIR; };
		0DD1C1421D2D387A006FA7E5 /* main.m */ = {isa = PBXFileReference; lastKnownFileType = sourcecode.c.objc; path = main.m; sourceTree = "<group>"; };
		0DD1C1441D2D387A006FA7E5 /* AppDelegate.h */ = {isa = PBXFileReference; lastKnownFileType = sourcecode.c.h; path = AppDelegate.h; sourceTree = "<group>"; };
		0DD1C1451D2D387A006FA7E5 /* AppDelegate.m */ = {isa = PBXFileReference; lastKnownFileType = sourcecode.c.objc; path = AppDelegate.m; sourceTree = "<group>"; };
		0DD1C1471D2D387A006FA7E5 /* ViewController.h */ = {isa = PBXFileReference; lastKnownFileType = sourcecode.c.h; path = ViewController.h; sourceTree = "<group>"; };
		0DD1C1481D2D387A006FA7E5 /* ViewController.m */ = {isa = PBXFileReference; lastKnownFileType = sourcecode.c.objc; path = ViewController.m; sourceTree = "<group>"; };
		0DD1C14B1D2D387A006FA7E5 /* Base */ = {isa = PBXFileReference; lastKnownFileType = file.storyboard; name = Base; path = Base.lproj/Main.storyboard; sourceTree = "<group>"; };
		0DD1C14D1D2D387A006FA7E5 /* Assets.xcassets */ = {isa = PBXFileReference; lastKnownFileType = folder.assetcatalog; path = Assets.xcassets; sourceTree = "<group>"; };
		0DD1C1501D2D387A006FA7E5 /* Base */ = {isa = PBXFileReference; lastKnownFileType = file.storyboard; name = Base; path = Base.lproj/LaunchScreen.storyboard; sourceTree = "<group>"; };
		0DD1C1521D2D387A006FA7E5 /* Info.plist */ = {isa = PBXFileReference; lastKnownFileType = text.plist.xml; path = Info.plist; sourceTree = "<group>"; };
		0DD1C1571D2D387A006FA7E5 /* MSBackgroundMoveTests.xctest */ = {isa = PBXFileReference; explicitFileType = wrapper.cfbundle; includeInIndex = 0; path = MSBackgroundMoveTests.xctest; sourceTree = BUILT_PRODUCTS_DIR; };
		0DD1C15B1D2D387A006FA7E5 /* MSBackgroundMoveTests.m */ = {isa = PBXFileReference; lastKnownFileType = sourcecode.c.objc; path = MSBackgroundMoveTests.m; sourceTree = "<group>"; };
		0DD1C15D1D2D387A006FA7E5 /* Info.plist */ = {isa = PBXFileReference; lastKnownFileType = text.plist.xml; path = Info.plist; sourceTree = "<group>"; };
		0DD1C1661D2D38AC006FA7E5 /* MSMoveView.h */ = {isa = PBXFileReference; fileEncoding = 4; lastKnownFileType = sourcecode.c.h; path = MSMoveView.h; sourceTree = "<group>"; };
		0DD1C1671D2D38AC006FA7E5 /* MSMoveView.m */ = {isa = PBXFileReference; fileEncoding = 4; lastKnownFileType = sourcecode.c.objc; path = MSMoveView.m; sourceTree = "<group>"; };
		0DD1C1AC1D2D4746006FA7E5 /* Slice.png */ = {isa = PBXFileReference; lastKnownFileType = image.png; path = Slice.png; sourceTree = "<group>"; };
		0DD1C1AE1D2D481E006FA7E5 /* immersion_mode.png */ = {isa = PBXFileReference; lastKnownFileType = image.png; path = immersion_mode.png; sourceTree = "<group>"; };
/* End PBXFileReference section */

/* Begin PBXFrameworksBuildPhase section */
		0DD1C13B1D2D387A006FA7E5 /* Frameworks */ = {
			isa = PBXFrameworksBuildPhase;
			buildActionMask = 2147483647;
			files = (
			);
			runOnlyForDeploymentPostprocessing = 0;
		};
		0DD1C1541D2D387A006FA7E5 /* Frameworks */ = {
			isa = PBXFrameworksBuildPhase;
			buildActionMask = 2147483647;
			files = (
			);
			runOnlyForDeploymentPostprocessing = 0;
		};
/* End PBXFrameworksBuildPhase section */

/* Begin PBXGroup section */
		0DD1C1351D2D387A006FA7E5 = {
			isa = PBXGroup;
			children = (
				0DD1C1401D2D387A006FA7E5 /* MSBackgroundMove */,
				0DD1C15A1D2D387A006FA7E5 /* MSBackgroundMoveTests */,
				0DD1C13F1D2D387A006FA7E5 /* Products */,
			);
			sourceTree = "<group>";
		};
		0DD1C13F1D2D387A006FA7E5 /* Products */ = {
			isa = PBXGroup;
			children = (
				0DD1C13E1D2D387A006FA7E5 /* MSBackgroundMove.app */,
				0DD1C1571D2D387A006FA7E5 /* MSBackgroundMoveTests.xctest */,
			);
			name = Products;
			sourceTree = "<group>";
		};
		0DD1C1401D2D387A006FA7E5 /* MSBackgroundMove */ = {
			isa = PBXGroup;
			children = (
				0DD1C1441D2D387A006FA7E5 /* AppDelegate.h */,
				0DD1C1451D2D387A006FA7E5 /* AppDelegate.m */,
				0DD1C1471D2D387A006FA7E5 /* ViewController.h */,
				0DD1C1481D2D387A006FA7E5 /* ViewController.m */,
				0DD1C1661D2D38AC006FA7E5 /* MSMoveView.h */,
				0DD1C1671D2D38AC006FA7E5 /* MSMoveView.m */,
				0DD1C14A1D2D387A006FA7E5 /* Main.storyboard */,
				0DD1C1AE1D2D481E006FA7E5 /* immersion_mode.png */,
				0DD1C1AC1D2D4746006FA7E5 /* Slice.png */,
				0DD1C14D1D2D387A006FA7E5 /* Assets.xcassets */,
				0DD1C14F1D2D387A006FA7E5 /* LaunchScreen.storyboard */,
				0DD1C1521D2D387A006FA7E5 /* Info.plist */,
				0DD1C1411D2D387A006FA7E5 /* Supporting Files */,
			);
			path = MSBackgroundMove;
			sourceTree = "<group>";
		};
		0DD1C1411D2D387A006FA7E5 /* Supporting Files */ = {
			isa = PBXGroup;
			children = (
				0DD1C1421D2D387A006FA7E5 /* main.m */,
			);
			name = "Supporting Files";
			sourceTree = "<group>";
		};
		0DD1C15A1D2D387A006FA7E5 /* MSBackgroundMoveTests */ = {
			isa = PBXGroup;
			children = (
				0DD1C15B1D2D387A006FA7E5 /* MSBackgroundMoveTests.m */,
				0DD1C15D1D2D387A006FA7E5 /* Info.plist */,
			);
			path = MSBackgroundMoveTests;
			sourceTree = "<group>";
		};
/* End PBXGroup section */

/* Begin PBXNativeTarget section */
		0DD1C13D1D2D387A006FA7E5 /* MSBackgroundMove */ = {
			isa = PBXNativeTarget;
			buildConfigurationList = 0DD1C1601D2D387A006FA7E5 /* Build configuration list for PBXNativeTarget "MSBackgroundMove" */;
			buildPhases = (
				0DD1C13A1D2D387A006FA7E5 /* Sources */,
				0DD1C13B1D2D387A006FA7E5 /* Frameworks */,
				0DD1C13C1D2D387A006FA7E5 /* Resources */,
			);
			buildRules = (
			);
			dependencies = (
			);
			name = MSBackgroundMove;
			productName = MSBackgroundMove;
			productReference = 0DD1C13E1D2D387A006FA7E5 /* MSBackgroundMove.app */;
			productType = "com.apple.product-type.application";
		};
		0DD1C1561D2D387A006FA7E5 /* MSBackgroundMoveTests */ = {
			isa = PBXNativeTarget;
			buildConfigurationList = 0DD1C1631D2D387A006FA7E5 /* Build configuration list for PBXNativeTarget "MSBackgroundMoveTests" */;
			buildPhases = (
				0DD1C1531D2D387A006FA7E5 /* Sources */,
				0DD1C1541D2D387A006FA7E5 /* Frameworks */,
				0DD1C1551D2D387A006FA7E5 /* Resources */,
			);
			buildRules = (
			);
			dependencies = (
				0DD1C1591D2D387A006FA7E5 /* PBXTargetDependency */,
			);
			name = MSBackgroundMoveTests;
			productName = MSBackgroundMoveTests;
			productReference = 0DD1C1571D2D387A006FA7E5 /* MSBackgroundMoveTests.xctest */;
			productType = "com.apple.product-type.bundle.unit-test";
		};
/* End PBXNativeTarget section */

/* Begin PBXProject section */
		0DD1C1361D2D387A006FA7E5 /* Project object */ = {
			isa = PBXProject;
			attributes = {
				LastUpgradeCheck = 0730;
				ORGANIZATIONNAME = mrscorpion;
				TargetAttributes = {
					0DD1C13D1D2D387A006FA7E5 = {
						CreatedOnToolsVersion = 7.3.1;
						DevelopmentTeam = GXHE3742MX;
					};
					0DD1C1561D2D387A006FA7E5 = {
						CreatedOnToolsVersion = 7.3.1;
						TestTargetID = 0DD1C13D1D2D387A006FA7E5;
					};
				};
			};
			buildConfigurationList = 0DD1C1391D2D387A006FA7E5 /* Build configuration list for PBXProject "MSBackgroundMove" */;
			compatibilityVersion = "Xcode 3.2";
			developmentRegion = English;
			hasScannedForEncodings = 0;
			knownRegions = (
				en,
				Base,
			);
			mainGroup = 0DD1C1351D2D387A006FA7E5;
			productRefGroup = 0DD1C13F1D2D387A006FA7E5 /* Products */;
			projectDirPath = "";
			projectRoot = "";
			targets = (
				0DD1C13D1D2D387A006FA7E5 /* MSBackgroundMove */,
				0DD1C1561D2D387A006FA7E5 /* MSBackgroundMoveTests */,
			);
		};
/* End PBXProject section */

/* Begin PBXResourcesBuildPhase section */
		0DD1C13C1D2D387A006FA7E5 /* Resources */ = {
			isa = PBXResourcesBuildPhase;
			buildActionMask = 2147483647;
			files = (
				0DD1C1511D2D387A006FA7E5 /* LaunchScreen.storyboard in Resources */,
				0DD1C1AF1D2D481E006FA7E5 /* immersion_mode.png in Resources */,
				0DD1C14E1D2D387A006FA7E5 /* Assets.xcassets in Resources */,
				0DD1C14C1D2D387A006FA7E5 /* Main.storyboard in Resources */,
				0DD1C1AD1D2D4746006FA7E5 /* Slice.png in Resources */,
			);
			runOnlyForDeploymentPostprocessing = 0;
		};
		0DD1C1551D2D387A006FA7E5 /* Resources */ = {
			isa = PBXResourcesBuildPhase;
			buildActionMask = 2147483647;
			files = (
			);
			runOnlyForDeploymentPostprocessing = 0;
		};
/* End PBXResourcesBuildPhase section */

/* Begin PBXSourcesBuildPhase section */
		0DD1C13A1D2D387A006FA7E5 /* Sources */ = {
			isa = PBXSourcesBuildPhase;
			buildActionMask = 2147483647;
			files = (
				0DD1C1681D2D38AC006FA7E5 /* MSMoveView.m in Sources */,
				0DD1C1491D2D387A006FA7E5 /* ViewController.m in Sources */,
				0DD1C1461D2D387A006FA7E5 /* AppDelegate.m in Sources */,
				0DD1C1431D2D387A006FA7E5 /* main.m in Sources */,
			);
			runOnlyForDeploymentPostprocessing = 0;
		};
		0DD1C1531D2D387A006FA7E5 /* Sources */ = {
			isa = PBXSourcesBuildPhase;
			buildActionMask = 2147483647;
			files = (
				0DD1C15C1D2D387A006FA7E5 /* MSBackgroundMoveTests.m in Sources */,
			);
			runOnlyForDeploymentPostprocessing = 0;
		};
/* End PBXSourcesBuildPhase section */

/* Begin PBXTargetDependency section */
		0DD1C1591D2D387A006FA7E5 /* PBXTargetDependency */ = {
			isa = PBXTargetDependency;
			target = 0DD1C13D1D2D387A006FA7E5 /* MSBackgroundMove */;
			targetProxy = 0DD1C1581D2D387A006FA7E5 /* PBXContainerItemProxy */;
		};
/* End PBXTargetDependency section */

/* Begin PBXVariantGroup section */
		0DD1C14A1D2D387A006FA7E5 /* Main.storyboard */ = {
			isa = PBXVariantGroup;
			children = (
				0DD1C14B1D2D387A006FA7E5 /* Base */,
			);
			name = Main.storyboard;
			sourceTree = "<group>";
		};
		0DD1C14F1D2D387A006FA7E5 /* LaunchScreen.storyboard */ = {
			isa = PBXVariantGroup;
			children = (
				0DD1C1501D2D387A006FA7E5 /* Base */,
			);
			name = LaunchScreen.storyboard;
			sourceTree = "<group>";
		};
/* End PBXVariantGroup section */

/* Begin XCBuildConfiguration section */
		0DD1C15E1D2D387A006FA7E5 /* Debug */ = {
			isa = XCBuildConfiguration;
			buildSettings = {
				ALWAYS_SEARCH_USER_PATHS = NO;
				CLANG_ANALYZER_NONNULL = YES;
				CLANG_CXX_LANGUAGE_STANDARD = "gnu++0x";
				CLANG_CXX_LIBRARY = "libc++";
				CLANG_ENABLE_MODULES = YES;
				CLANG_ENABLE_OBJC_ARC = YES;
				CLANG_WARN_BOOL_CONVERSION = YES;
				CLANG_WARN_CONSTANT_CONVERSION = YES;
				CLANG_WARN_DIRECT_OBJC_ISA_USAGE = YES_ERROR;
				CLANG_WARN_EMPTY_BODY = YES;
				CLANG_WARN_ENUM_CONVERSION = YES;
				CLANG_WARN_INT_CONVERSION = YES;
				CLANG_WARN_OBJC_ROOT_CLASS = YES_ERROR;
				CLANG_WARN_UNREACHABLE_CODE = YES;
				CLANG_WARN__DUPLICATE_METHOD_MATCH = YES;
				"CODE_SIGN_IDENTITY[sdk=iphoneos*]" = "iPhone Developer";
				COPY_PHASE_STRIP = NO;
				DEBUG_INFORMATION_FORMAT = dwarf;
				ENABLE_STRICT_OBJC_MSGSEND = YES;
				ENABLE_TESTABILITY = YES;
				GCC_C_LANGUAGE_STANDARD = gnu99;
				GCC_DYNAMIC_NO_PIC = NO;
				GCC_NO_COMMON_BLOCKS = YES;
				GCC_OPTIMIZATION_LEVEL = 0;
				GCC_PREPROCESSOR_DEFINITIONS = (
					"DEBUG=1",
					"$(inherited)",
				);
				GCC_WARN_64_TO_32_BIT_CONVERSION = YES;
				GCC_WARN_ABOUT_RETURN_TYPE = YES_ERROR;
				GCC_WARN_UNDECLARED_SELECTOR = YES;
				GCC_WARN_UNINITIALIZED_AUTOS = YES_AGGRESSIVE;
				GCC_WARN_UNUSED_FUNCTION = YES;
				GCC_WARN_UNUSED_VARIABLE = YES;
				IPHONEOS_DEPLOYMENT_TARGET = 9.3;
				MTL_ENABLE_DEBUG_INFO = YES;
				ONLY_ACTIVE_ARCH = YES;
				SDKROOT = iphoneos;
			};
			name = Debug;
		};
		0DD1C15F1D2D387A006FA7E5 /* Release */ = {
			isa = XCBuildConfiguration;
			buildSettings = {
				ALWAYS_SEARCH_USER_PATHS = NO;
				CLANG_ANALYZER_NONNULL = YES;
				CLANG_CXX_LANGUAGE_STANDARD = "gnu++0x";
				CLANG_CXX_LIBRARY = "libc++";
				CLANG_ENABLE_MODULES = YES;
				CLANG_ENABLE_OBJC_ARC = YES;
				CLANG_WARN_BOOL_CONVERSION = YES;
				CLANG_WARN_CONSTANT_CONVERSION = YES;
				CLANG_WARN_DIRECT_OBJC_ISA_USAGE = YES_ERROR;
				CLANG_WARN_EMPTY_BODY = YES;
				CLANG_WARN_ENUM_CONVERSION = YES;
				CLANG_WARN_INT_CONVERSION = YES;
				CLANG_WARN_OBJC_ROOT_CLASS = YES_ERROR;
				CLANG_WARN_UNREACHABLE_CODE = YES;
				CLANG_WARN__DUPLICATE_METHOD_MATCH = YES;
				"CODE_SIGN_IDENTITY[sdk=iphoneos*]" = "iPhone Developer";
				COPY_PHASE_STRIP = NO;
				DEBUG_INFORMATION_FORMAT = "dwarf-with-dsym";
				ENABLE_NS_ASSERTIONS = NO;
				ENABLE_STRICT_OBJC_MSGSEND = YES;
				GCC_C_LANGUAGE_STANDARD = gnu99;
				GCC_NO_COMMON_BLOCKS = YES;
				GCC_WARN_64_TO_32_BIT_CONVERSION = YES;
				GCC_WARN_ABOUT_RETURN_TYPE = YES_ERROR;
				GCC_WARN_UNDECLARED_SELECTOR = YES;
				GCC_WARN_UNINITIALIZED_AUTOS = YES_AGGRESSIVE;
				GCC_WARN_UNUSED_FUNCTION = YES;
				GCC_WARN_UNUSED_VARIABLE = YES;
				IPHONEOS_DEPLOYMENT_TARGET = 9.3;
				MTL_ENABLE_DEBUG_INFO = NO;
				SDKROOT = iphoneos;
				VALIDATE_PRODUCT = YES;
			};
			name = Release;
		};
		0DD1C1611D2D387A006FA7E5 /* Debug */ = {
			isa = XCBuildConfiguration;
			buildSettings = {
				ASSETCATALOG_COMPILER_APPICON_NAME = AppIcon;
				CODE_SIGN_IDENTITY = "iPhone Developer";
				INFOPLIST_FILE = MSBackgroundMove/Info.plist;
				LD_RUNPATH_SEARCH_PATHS = "$(inherited) @executable_path/Frameworks";
				PRODUCT_BUNDLE_IDENTIFIER = mr5;
				PRODUCT_NAME = "$(TARGET_NAME)";
			};
			name = Debug;
		};
		0DD1C1621D2D387A006FA7E5 /* Release */ = {
			isa = XCBuildConfiguration;
			buildSettings = {
				ASSETCATALOG_COMPILER_APPICON_NAME = AppIcon;
				CODE_SIGN_IDENTITY = "iPhone Developer";
				INFOPLIST_FILE = MSBackgroundMove/Info.plist;
				LD_RUNPATH_SEARCH_PATHS = "$(inherited) @executable_path/Frameworks";
				PRODUCT_BUNDLE_IDENTIFIER = mr5;
				PRODUCT_NAME = "$(TARGET_NAME)";
			};
			name = Release;
		};
		0DD1C1641D2D387A006FA7E5 /* Debug */ = {
			isa = XCBuildConfiguration;
			buildSettings = {
				BUNDLE_LOADER = "$(TEST_HOST)";
				INFOPLIST_FILE = MSBackgroundMoveTests/Info.plist;
				LD_RUNPATH_SEARCH_PATHS = "$(inherited) @executable_path/Frameworks @loader_path/Frameworks";
				PRODUCT_BUNDLE_IDENTIFIER = mrscorpion.MSBackgroundMoveTests;
				PRODUCT_NAME = "$(TARGET_NAME)";
				TEST_HOST = "$(BUILT_PRODUCTS_DIR)/MSBackgroundMove.app/MSBackgroundMove";
			};
			name = Debug;
		};
		0DD1C1651D2D387A006FA7E5 /* Release */ = {
			isa = XCBuildConfiguration;
			buildSettings = {
				BUNDLE_LOADER = "$(TEST_HOST)";
				INFOPLIST_FILE = MSBackgroundMoveTests/Info.plist;
				LD_RUNPATH_SEARCH_PATHS = "$(inherited) @executable_path/Frameworks @loader_path/Frameworks";
				PRODUCT_BUNDLE_IDENTIFIER = mrscorpion.MSBackgroundMoveTests;
				PRODUCT_NAME = "$(TARGET_NAME)";
				TEST_HOST = "$(BUILT_PRODUCTS_DIR)/MSBackgroundMove.app/MSBackgroundMove";
			};
			name = Release;
		};
/* End XCBuildConfiguration section */

/* Begin XCConfigurationList section */
		0DD1C1391D2D387A006FA7E5 /* Build configuration list for PBXProject "MSBackgroundMove" */ = {
			isa = XCConfigurationList;
			buildConfigurations = (
				0DD1C15E1D2D387A006FA7E5 /* Debug */,
				0DD1C15F1D2D387A006FA7E5 /* Release */,
			);
			defaultConfigurationIsVisible = 0;
			defaultConfigurationName = Release;
		};
		0DD1C1601D2D387A006FA7E5 /* Build configuration list for PBXNativeTarget "MSBackgroundMove" */ = {
			isa = XCConfigurationList;
			buildConfigurations = (
				0DD1C1611D2D387A006FA7E5 /* Debug */,
				0DD1C1621D2D387A006FA7E5 /* Release */,
			);
			defaultConfigurationIsVisible = 0;
			defaultConfigurationName = Release;
		};
		0DD1C1631D2D387A006FA7E5 /* Build configuration list for PBXNativeTarget "MSBackgroundMoveTests" */ = {
			isa = XCConfigurationList;
			buildConfigurations = (
				0DD1C1641D2D387A006FA7E5 /* Debug */,
				0DD1C1651D2D387A006FA7E5 /* Release */,
			);
			defaultConfigurationIsVisible = 0;
			defaultConfigurationName = Release;
		};
/* End XCConfigurationList section */
	};
	rootObject = 0DD1C1361D2D387A006FA7E5 /* Project object */;
}
